{
  "sources": {
    "cspp": {
      "locked_version": "1.5.5",
      "git": "http://github.com/gina-alaska/cspp-cookbook",
      "ref": "05abdb3c578fdf3fb91834303f6cec1efe82aafd"
    },
    "rtstps": {
      "locked_version": "1.2.0",
      "git": "http://github.com/gina-alaska/rtstps-cookbook",
      "ref": "b3e6a90c7ed11b24f39b68ae304cab21b6f6ce69"
    },
    "java": {
      "locked_version": "1.15.4"
    },
    "windows": {
      "locked_version": "1.11.0"
    },
    "chef_handler": {
      "locked_version": "1.1.4"
    },
    "aws": {
      "locked_version": "1.0.0"
    }
  }
}
